
Microsoft Visual Studio Solution File, Format Version 12.00
# Visual Studio Version 17
VisualStudioVersion = 17.7.34009.444
MinimumVisualStudioVersion = 10.0.40219.1
Project("{8BC9CEB8-8B4A-11D0-8D11-00A0C91BC942}") = "2024.8.13", "2024.8.13.vcxproj", "{FD01A600-31A0-4CB6-8B49-ED67DFD5755F}"
EndProject
Global
	GlobalSection(SolutionConfigurationPlatforms) = preSolution
		Debug|x64 = Debug|x64
		Debug|x86 = Debug|x86
		Release|x64 = Release|x64
		Release|x86 = Release|x86
	EndGlobalSection
	GlobalSection(ProjectConfigurationPlatforms) = postSolution
		{FD01A600-31A0-4CB6-8B49-ED67DFD5755F}.Debug|x64.ActiveCfg = Debug|x64
		{FD01A600-31A0-4CB6-8B49-ED67DFD5755F}.Debug|x64.Build.0 = Debug|x64
		{FD01A600-31A0-4CB6-8B49-ED67DFD5755F}.Debug|x86.ActiveCfg = Debug|Win32
		{FD01A600-31A0-4CB6-8B49-ED67DFD5755F}.Debug|x86.Build.0 = Debug|Win32
		{FD01A600-31A0-4CB6-8B49-ED67DFD5755F}.Release|x64.ActiveCfg = Release|x64
		{FD01A600-31A0-4CB6-8B49-ED67DFD5755F}.Release|x64.Build.0 = Release|x64
		{FD01A600-31A0-4CB6-8B49-ED67DFD5755F}.Release|x86.ActiveCfg = Release|Win32
		{FD01A600-31A0-4CB6-8B49-ED67DFD5755F}.Release|x86.Build.0 = Release|Win32
	EndGlobalSection
	GlobalSection(SolutionProperties) = preSolution
		HideSolutionNode = FALSE
	EndGlobalSection
	GlobalSection(ExtensibilityGlobals) = postSolution
		SolutionGuid = {0DC43DDF-7BD0-44E0-B03D-4037238402E2}
	EndGlobalSection
EndGlobal
